
Microsoft Visual Studio Solution File, Format Version 12.00
# Visual Studio 15
VisualStudioVersion = 15.0.28307.438
MinimumVisualStudioVersion = 10.0.40219.1
Project("{FAE04EC0-301F-11D3-BF4B-00C04F79EFBC}") = "SecretGarden.DAL", "SecretGarden.DAL\SecretGarden.DAL.csproj", "{3C3D8B43-366C-49D4-8738-81DF8DAB8981}"
EndProject
Project("{FAE04EC0-301F-11D3-BF4B-00C04F79EFBC}") = "SecretGarden.BLL", "SecretGarden.BLL\SecretGarden.BLL.csproj", "{FC3ED971-19EE-4428-B57F-2040D6563B4D}"
EndProject
Project("{FAE04EC0-301F-11D3-BF4B-00C04F79EFBC}") = "SecretGarden.Models", "SecretGarden.Models\SecretGarden.Models.csproj", "{F301870A-72E7-41B1-95D8-441223BE280A}"
EndProject
Project("{FAE04EC0-301F-11D3-BF4B-00C04F79EFBC}") = "SecretGarden.UI", "SecretGarden.UI\SecretGarden.UI.csproj", "{B2ECF01D-0B84-4A28-8F70-81185621038A}"
EndProject
Global
	GlobalSection(SolutionConfigurationPlatforms) = preSolution
		Debug|Any CPU = Debug|Any CPU
		Release|Any CPU = Release|Any CPU
	EndGlobalSection
	GlobalSection(ProjectConfigurationPlatforms) = postSolution
		{3C3D8B43-366C-49D4-8738-81DF8DAB8981}.Debug|Any CPU.ActiveCfg = Debug|Any CPU
		{3C3D8B43-366C-49D4-8738-81DF8DAB8981}.Debug|Any CPU.Build.0 = Debug|Any CPU
		{3C3D8B43-366C-49D4-8738-81DF8DAB8981}.Release|Any CPU.ActiveCfg = Release|Any CPU
		{3C3D8B43-366C-49D4-8738-81DF8DAB8981}.Release|Any CPU.Build.0 = Release|Any CPU
		{FC3ED971-19EE-4428-B57F-2040D6563B4D}.Debug|Any CPU.ActiveCfg = Debug|Any CPU
		{FC3ED971-19EE-4428-B57F-2040D6563B4D}.Debug|Any CPU.Build.0 = Debug|Any CPU
		{FC3ED971-19EE-4428-B57F-2040D6563B4D}.Release|Any CPU.ActiveCfg = Release|Any CPU
		{FC3ED971-19EE-4428-B57F-2040D6563B4D}.Release|Any CPU.Build.0 = Release|Any CPU
		{F301870A-72E7-41B1-95D8-441223BE280A}.Debug|Any CPU.ActiveCfg = Debug|Any CPU
		{F301870A-72E7-41B1-95D8-441223BE280A}.Debug|Any CPU.Build.0 = Debug|Any CPU
		{F301870A-72E7-41B1-95D8-441223BE280A}.Release|Any CPU.ActiveCfg = Release|Any CPU
		{F301870A-72E7-41B1-95D8-441223BE280A}.Release|Any CPU.Build.0 = Release|Any CPU
		{B2ECF01D-0B84-4A28-8F70-81185621038A}.Debug|Any CPU.ActiveCfg = Debug|Any CPU
		{B2ECF01D-0B84-4A28-8F70-81185621038A}.Debug|Any CPU.Build.0 = Debug|Any CPU
		{B2ECF01D-0B84-4A28-8F70-81185621038A}.Release|Any CPU.ActiveCfg = Release|Any CPU
		{B2ECF01D-0B84-4A28-8F70-81185621038A}.Release|Any CPU.Build.0 = Release|Any CPU
	EndGlobalSection
	GlobalSection(SolutionProperties) = preSolution
		HideSolutionNode = FALSE
	EndGlobalSection
	GlobalSection(ExtensibilityGlobals) = postSolution
		SolutionGuid = {0EBE2BFD-C9B0-429E-A60D-132BE92ACE1B}
	EndGlobalSection
EndGlobal
